
Microsoft Visual Studio Solution File, Format Version 11.00
# Visual Studio 2010
Project("{8BC9CEB8-8B4A-11D0-8D11-00A0C91BC942}") = "Client", "Client\Client.vcxproj", "{79BBF9AB-EE6D-4205-9D9C-AEE884BDAC19}"
EndProject
Project("{8BC9CEB8-8B4A-11D0-8D11-00A0C91BC942}") = "Server", "Server\Server.vcxproj", "{6DB0FC01-30D0-405B-9770-30887E1F67F4}"
EndProject
Project("{8BC9CEB8-8B4A-11D0-8D11-00A0C91BC942}") = "Monster", "Monster\Monster.vcxproj", "{7E9937E0-FA46-451E-9633-675C08F1C5AB}"
EndProject
Global
	GlobalSection(SolutionConfigurationPlatforms) = preSolution
		Debug|Win32 = Debug|Win32
		Release|Win32 = Release|Win32
	EndGlobalSection
	GlobalSection(ProjectConfigurationPlatforms) = postSolution
		{79BBF9AB-EE6D-4205-9D9C-AEE884BDAC19}.Debug|Win32.ActiveCfg = Debug|Win32
		{79BBF9AB-EE6D-4205-9D9C-AEE884BDAC19}.Debug|Win32.Build.0 = Debug|Win32
		{79BBF9AB-EE6D-4205-9D9C-AEE884BDAC19}.Release|Win32.ActiveCfg = Release|Win32
		{79BBF9AB-EE6D-4205-9D9C-AEE884BDAC19}.Release|Win32.Build.0 = Release|Win32
		{6DB0FC01-30D0-405B-9770-30887E1F67F4}.Debug|Win32.ActiveCfg = Debug|Win32
		{6DB0FC01-30D0-405B-9770-30887E1F67F4}.Debug|Win32.Build.0 = Debug|Win32
		{6DB0FC01-30D0-405B-9770-30887E1F67F4}.Release|Win32.ActiveCfg = Release|Win32
		{6DB0FC01-30D0-405B-9770-30887E1F67F4}.Release|Win32.Build.0 = Release|Win32
		{7E9937E0-FA46-451E-9633-675C08F1C5AB}.Debug|Win32.ActiveCfg = Debug|Win32
		{7E9937E0-FA46-451E-9633-675C08F1C5AB}.Debug|Win32.Build.0 = Debug|Win32
		{7E9937E0-FA46-451E-9633-675C08F1C5AB}.Release|Win32.ActiveCfg = Release|Win32
		{7E9937E0-FA46-451E-9633-675C08F1C5AB}.Release|Win32.Build.0 = Release|Win32
	EndGlobalSection
	GlobalSection(SolutionProperties) = preSolution
		HideSolutionNode = FALSE
	EndGlobalSection
EndGlobal
