<?xml version="1.0" encoding="utf-8"?>
<Project ToolsVersion="4.0" xmlns="http://schemas.microsoft.com/developer/msbuild/2003">
  <ItemGroup>
    <Filter Include="Source Files">
      <UniqueIdentifier>{4FC737F1-C7A5-4376-A066-2A32D752A2FF}</UniqueIdentifier>
      <Extensions>cpp;c;cc;cxx;def;odl;idl;hpj;bat;asm;asmx</Extensions>
    </Filter>
    <Filter Include="Header Files">
      <UniqueIdentifier>{93995380-89BD-4b04-88EB-625FBE52EBFB}</UniqueIdentifier>
      <Extensions>h;hpp;hxx;hm;inl;inc;xsd</Extensions>
    </Filter>
    <Filter Include="Resource Files">
      <UniqueIdentifier>{67DA6AB6-F800-4c08-8B7A-83BB121AAD01}</UniqueIdentifier>
      <Extensions>rc;ico;cur;bmp;dlg;rc2;rct;bin;rgs;gif;jpg;jpeg;jpe;resx;tiff;tif;png;wav;mfcribbon-ms</Extensions>
    </Filter>
    <Filter Include="Source Files\src">
      <UniqueIdentifier>{882ef8fe-46e1-4cc8-8ed6-d661069ef7da}</UniqueIdentifier>
    </Filter>
    <Filter Include="Source Files\include">
      <UniqueIdentifier>{c7562595-7645-4b20-85ef-4c464a0329b1}</UniqueIdentifier>
    </Filter>
    <Filter Include="Source Files\include\Library">
      <UniqueIdentifier>{716c45b3-451a-411c-81e5-af9ec17b6e19}</UniqueIdentifier>
    </Filter>
    <Filter Include="Source Files\src\Library">
      <UniqueIdentifier>{faa1b50f-ab57-41a6-8946-36ab6d1f729d}</UniqueIdentifier>
    </Filter>
    <Filter Include="Source Files\include\math">
      <UniqueIdentifier>{ed564a2d-57eb-4b2a-9245-45e61606da00}</UniqueIdentifier>
    </Filter>
    <Filter Include="Source Files\src\math">
      <UniqueIdentifier>{4a72eb0a-063d-4277-ac61-31bc850f9804}</UniqueIdentifier>
    </Filter>
    <Filter Include="Source Files\include\socket">
      <UniqueIdentifier>{3e260879-f9da-46a9-a71a-bd8147c03318}</UniqueIdentifier>
    </Filter>
    <Filter Include="Source Files\src\socket">
      <UniqueIdentifier>{e0994402-8e1b-4263-b985-e6f1351ba992}</UniqueIdentifier>
    </Filter>
  </ItemGroup>
  <ItemGroup>
    <ClCompile Include="src\main_server.cpp">
      <Filter>Source Files\src</Filter>
    </ClCompile>
    <ClCompile Include="src\server.cpp">
      <Filter>Source Files\src</Filter>
    </ClCompile>
    <ClCompile Include="src\bullet.cpp">
      <Filter>Source Files\src</Filter>
    </ClCompile>
    <ClCompile Include="src\entity.cpp">
      <Filter>Source Files\src</Filter>
    </ClCompile>
    <ClCompile Include="src\game.cpp">
      <Filter>Source Files\src</Filter>
    </ClCompile>
    <ClCompile Include="src\identifiable.cpp">
      <Filter>Source Files\src</Filter>
    </ClCompile>
    <ClCompile Include="src\level.cpp">
      <Filter>Source Files\src</Filter>
    </ClCompile>
    <ClCompile Include="src\monster.cpp">
      <Filter>Source Files\src</Filter>
    </ClCompile>
    <ClCompile Include="src\monsterType.cpp">
      <Filter>Source Files\src</Filter>
    </ClCompile>
    <ClCompile Include="src\player.cpp">
      <Filter>Source Files\src</Filter>
    </ClCompile>
    <ClCompile Include="src\rocket.cpp">
      <Filter>Source Files\src</Filter>
    </ClCompile>
    <ClCompile Include="src\spawn.cpp">
      <Filter>Source Files\src</Filter>
    </ClCompile>
    <ClCompile Include="src\time.cpp">
      <Filter>Source Files\src</Filter>
    </ClCompile>
    <ClCompile Include="src\Library\libraryException.cpp">
      <Filter>Source Files\src\Library</Filter>
    </ClCompile>
    <ClCompile Include="src\Library\libraryWindows.cpp">
      <Filter>Source Files\src\Library</Filter>
    </ClCompile>
    <ClCompile Include="src\math\vertex.cpp">
      <Filter>Source Files\src\math</Filter>
    </ClCompile>
    <ClCompile Include="src\sockets\socketException.cpp">
      <Filter>Source Files\src\socket</Filter>
    </ClCompile>
    <ClCompile Include="src\sockets\socketWindows.cpp">
      <Filter>Source Files\src\socket</Filter>
    </ClCompile>
    <ClCompile Include="..\Client\src\CPP\log.cpp">
      <Filter>Source Files\src</Filter>
    </ClCompile>
  </ItemGroup>
  <ItemGroup>
    <ClInclude Include="include\Library\iLibrary.hpp">
      <Filter>Source Files\include\Library</Filter>
    </ClInclude>
    <ClInclude Include="include\Library\libraryException.hpp">
      <Filter>Source Files\include\Library</Filter>
    </ClInclude>
    <ClInclude Include="include\Library\libraryWindows.hpp">
      <Filter>Source Files\include\Library</Filter>
    </ClInclude>
    <ClInclude Include="include\bullet.hpp">
      <Filter>Source Files\include</Filter>
    </ClInclude>
    <ClInclude Include="include\entity.hpp">
      <Filter>Source Files\include</Filter>
    </ClInclude>
    <ClInclude Include="include\game.hpp">
      <Filter>Source Files\include</Filter>
    </ClInclude>
    <ClInclude Include="include\identifiable.hpp">
      <Filter>Source Files\include</Filter>
    </ClInclude>
    <ClInclude Include="include\level.hpp">
      <Filter>Source Files\include</Filter>
    </ClInclude>
    <ClInclude Include="include\monster.hpp">
      <Filter>Source Files\include</Filter>
    </ClInclude>
    <ClInclude Include="include\monsterType.hpp">
      <Filter>Source Files\include</Filter>
    </ClInclude>
    <ClInclude Include="include\player.hpp">
      <Filter>Source Files\include</Filter>
    </ClInclude>
    <ClInclude Include="include\rocket.hpp">
      <Filter>Source Files\include</Filter>
    </ClInclude>
    <ClInclude Include="include\server.hpp">
      <Filter>Source Files\include</Filter>
    </ClInclude>
    <ClInclude Include="include\spawn.hpp">
      <Filter>Source Files\include</Filter>
    </ClInclude>
    <ClInclude Include="include\math\time.hpp">
      <Filter>Source Files\include\math</Filter>
    </ClInclude>
    <ClInclude Include="include\math\vertex.hpp">
      <Filter>Source Files\include\math</Filter>
    </ClInclude>
    <ClInclude Include="include\log.hpp">
      <Filter>Source Files\include</Filter>
    </ClInclude>
    <ClInclude Include="include\sockets\iSocket.hpp">
      <Filter>Source Files\include\socket</Filter>
    </ClInclude>
    <ClInclude Include="include\sockets\socketException.hpp">
      <Filter>Source Files\include\socket</Filter>
    </ClInclude>
    <ClInclude Include="include\sockets\socketWindows.hpp">
      <Filter>Source Files\include\socket</Filter>
    </ClInclude>
    <ClInclude Include="include\sockets\socketUnix.hpp">
      <Filter>Source Files\include\socket</Filter>
    </ClInclude>
  </ItemGroup>
</Project>